
Microsoft Visual Studio Solution File, Format Version 12.00
# Visual Studio Version 17
VisualStudioVersion = 17.4.33205.214
MinimumVisualStudioVersion = 10.0.40219.1
Project("{FAE04EC0-301F-11D3-BF4B-00C04F79EFBC}") = "XMLex2", "XMLex2\XMLex2.csproj", "{B0AB9923-C7EF-4345-BF5D-44C92BA0A062}"
EndProject
Global
	GlobalSection(SolutionConfigurationPlatforms) = preSolution
		Debug|Any CPU = Debug|Any CPU
		Release|Any CPU = Release|Any CPU
	EndGlobalSection
	GlobalSection(ProjectConfigurationPlatforms) = postSolution
		{B0AB9923-C7EF-4345-BF5D-44C92BA0A062}.Debug|Any CPU.ActiveCfg = Debug|Any CPU
		{B0AB9923-C7EF-4345-BF5D-44C92BA0A062}.Debug|Any CPU.Build.0 = Debug|Any CPU
		{B0AB9923-C7EF-4345-BF5D-44C92BA0A062}.Release|Any CPU.ActiveCfg = Release|Any CPU
		{B0AB9923-C7EF-4345-BF5D-44C92BA0A062}.Release|Any CPU.Build.0 = Release|Any CPU
	EndGlobalSection
	GlobalSection(SolutionProperties) = preSolution
		HideSolutionNode = FALSE
	EndGlobalSection
	GlobalSection(ExtensibilityGlobals) = postSolution
		SolutionGuid = {FAF62333-0862-4F31-8DA3-6A33338FE28A}
	EndGlobalSection
EndGlobal
